
Microsoft Visual Studio Solution File, Format Version 12.00
# Visual Studio 15
VisualStudioVersion = 15.0.28307.1738
MinimumVisualStudioVersion = 10.0.40219.1
Project("{FAE04EC0-301F-11D3-BF4B-00C04F79EFBC}") = "BikovKP", "BikovKP\BikovKP.csproj", "{EBCA633F-E72C-4AFA-9DDC-31432A07EE06}"
EndProject
Project("{FAE04EC0-301F-11D3-BF4B-00C04F79EFBC}") = "UnitTests", "UnitTest\UnitTests.csproj", "{A014C210-C0D6-45CB-B5A3-4FBCE0ADD484}"
EndProject
Global
	GlobalSection(SolutionConfigurationPlatforms) = preSolution
		Debug|Any CPU = Debug|Any CPU
		Release|Any CPU = Release|Any CPU
	EndGlobalSection
	GlobalSection(ProjectConfigurationPlatforms) = postSolution
		{EBCA633F-E72C-4AFA-9DDC-31432A07EE06}.Debug|Any CPU.ActiveCfg = Debug|Any CPU
		{EBCA633F-E72C-4AFA-9DDC-31432A07EE06}.Debug|Any CPU.Build.0 = Debug|Any CPU
		{EBCA633F-E72C-4AFA-9DDC-31432A07EE06}.Release|Any CPU.ActiveCfg = Release|Any CPU
		{EBCA633F-E72C-4AFA-9DDC-31432A07EE06}.Release|Any CPU.Build.0 = Release|Any CPU
		{A014C210-C0D6-45CB-B5A3-4FBCE0ADD484}.Debug|Any CPU.ActiveCfg = Debug|Any CPU
		{A014C210-C0D6-45CB-B5A3-4FBCE0ADD484}.Debug|Any CPU.Build.0 = Debug|Any CPU
		{A014C210-C0D6-45CB-B5A3-4FBCE0ADD484}.Release|Any CPU.ActiveCfg = Release|Any CPU
		{A014C210-C0D6-45CB-B5A3-4FBCE0ADD484}.Release|Any CPU.Build.0 = Release|Any CPU
	EndGlobalSection
	GlobalSection(SolutionProperties) = preSolution
		HideSolutionNode = FALSE
	EndGlobalSection
	GlobalSection(ExtensibilityGlobals) = postSolution
		SolutionGuid = {8DCA15CC-6FDC-4BE0-9DC3-AA8F7B48BC0D}
	EndGlobalSection
EndGlobal
